
Microsoft Visual Studio Solution File, Format Version 12.00
# Visual Studio Version 17
VisualStudioVersion = 17.13.35825.156
MinimumVisualStudioVersion = 10.0.40219.1
Project("{2150E333-8FDC-42A3-9474-1A3956D46DE8}") = "src", "src", "{02EA681E-C7D8-13C7-8484-4AC65E1B71E8}"
EndProject
Project("{FAE04EC0-301F-11D3-BF4B-00C04F79EFBC}") = "Masasamjant.FileSystems", "Masasamjant.FileSystems\Masasamjant.FileSystems.csproj", "{B84E366F-F943-4EFF-8B40-D99C36FAB260}"
EndProject
Project("{FAE04EC0-301F-11D3-BF4B-00C04F79EFBC}") = "Masasamjant.FileSystems.Backups", "Masasamjant.FileSystems.Backups\Masasamjant.FileSystems.Backups.csproj", "{C01590DD-667B-4E3F-A86E-8CA58AF6CE29}"
EndProject
Project("{FAE04EC0-301F-11D3-BF4B-00C04F79EFBC}") = "Masasamjant.BackupManager", "Masasamjant.BackupManager\Masasamjant.BackupManager.csproj", "{7BC46AF9-D070-4A37-B7D7-E6C7F17F25A8}"
EndProject
Global
	GlobalSection(SolutionConfigurationPlatforms) = preSolution
		Debug|Any CPU = Debug|Any CPU
		Release|Any CPU = Release|Any CPU
	EndGlobalSection
	GlobalSection(ProjectConfigurationPlatforms) = postSolution
		{B84E366F-F943-4EFF-8B40-D99C36FAB260}.Debug|Any CPU.ActiveCfg = Debug|Any CPU
		{B84E366F-F943-4EFF-8B40-D99C36FAB260}.Debug|Any CPU.Build.0 = Debug|Any CPU
		{B84E366F-F943-4EFF-8B40-D99C36FAB260}.Release|Any CPU.ActiveCfg = Release|Any CPU
		{B84E366F-F943-4EFF-8B40-D99C36FAB260}.Release|Any CPU.Build.0 = Release|Any CPU
		{C01590DD-667B-4E3F-A86E-8CA58AF6CE29}.Debug|Any CPU.ActiveCfg = Debug|Any CPU
		{C01590DD-667B-4E3F-A86E-8CA58AF6CE29}.Debug|Any CPU.Build.0 = Debug|Any CPU
		{C01590DD-667B-4E3F-A86E-8CA58AF6CE29}.Release|Any CPU.ActiveCfg = Release|Any CPU
		{C01590DD-667B-4E3F-A86E-8CA58AF6CE29}.Release|Any CPU.Build.0 = Release|Any CPU
		{7BC46AF9-D070-4A37-B7D7-E6C7F17F25A8}.Debug|Any CPU.ActiveCfg = Debug|Any CPU
		{7BC46AF9-D070-4A37-B7D7-E6C7F17F25A8}.Debug|Any CPU.Build.0 = Debug|Any CPU
		{7BC46AF9-D070-4A37-B7D7-E6C7F17F25A8}.Release|Any CPU.ActiveCfg = Release|Any CPU
		{7BC46AF9-D070-4A37-B7D7-E6C7F17F25A8}.Release|Any CPU.Build.0 = Release|Any CPU
	EndGlobalSection
	GlobalSection(SolutionProperties) = preSolution
		HideSolutionNode = FALSE
	EndGlobalSection
	GlobalSection(NestedProjects) = preSolution
		{B84E366F-F943-4EFF-8B40-D99C36FAB260} = {02EA681E-C7D8-13C7-8484-4AC65E1B71E8}
		{C01590DD-667B-4E3F-A86E-8CA58AF6CE29} = {02EA681E-C7D8-13C7-8484-4AC65E1B71E8}
		{7BC46AF9-D070-4A37-B7D7-E6C7F17F25A8} = {02EA681E-C7D8-13C7-8484-4AC65E1B71E8}
	EndGlobalSection
	GlobalSection(ExtensibilityGlobals) = postSolution
		SolutionGuid = {A3E7F663-A3A7-45C6-B0FD-58B146BA445E}
	EndGlobalSection
EndGlobal
